
Microsoft Visual Studio Solution File, Format Version 12.00
# Visual Studio Version 17
VisualStudioVersion = 17.0.31903.59
MinimumVisualStudioVersion = 10.0.40219.1
Project("{2150E333-8FDC-42A3-9474-1A3956D46DE8}") = "src", "src", "{7740D1B2-C257-46E1-9B17-9C4A6CEF62F0}"
EndProject
Project("{FAE04EC0-301F-11D3-BF4B-00C04F79EFBC}") = "Sim.Domain", "src\Sim.Domain\Sim.Domain.csproj", "{5543B84E-0055-4A2A-9981-D620CED4CFDD}"
EndProject
Project("{FAE04EC0-301F-11D3-BF4B-00C04F79EFBC}") = "Sim.Engine", "src\Sim.Engine\Sim.Engine.csproj", "{3BEBC31E-87F6-4380-BEA7-82C48ED5D4B7}"
EndProject
Project("{FAE04EC0-301F-11D3-BF4B-00C04F79EFBC}") = "Sim.Application", "src\Sim.Application\Sim.Application.csproj", "{8038A3FD-CAA9-4395-AB54-EACB2FBF701D}"
EndProject
Project("{FAE04EC0-301F-11D3-BF4B-00C04F79EFBC}") = "Sim.Infrastructure", "src\Sim.Infrastructure\Sim.Infrastructure.csproj", "{65387113-27AF-477B-9703-DDF6F3190141}"
EndProject
Project("{FAE04EC0-301F-11D3-BF4B-00C04F79EFBC}") = "Sim.Contracts", "src\Sim.Contracts\Sim.Contracts.csproj", "{20485C0F-C8EB-40BE-9A36-BEFA519165A0}"
EndProject
Project("{FAE04EC0-301F-11D3-BF4B-00C04F79EFBC}") = "Sim.Api", "src\Sim.Api\Sim.Api.csproj", "{D8DC197B-60AD-4599-A586-27CE3463C2FF}"
EndProject
Project("{FAE04EC0-301F-11D3-BF4B-00C04F79EFBC}") = "Operator.Client", "src\Operator.Client\Operator.Client.csproj", "{750894AA-2981-4B70-B26C-AF6061094716}"
EndProject
Project("{2150E333-8FDC-42A3-9474-1A3956D46DE8}") = "tests", "tests", "{D00381ED-4802-45E7-83FE-163F32907207}"
EndProject
Project("{FAE04EC0-301F-11D3-BF4B-00C04F79EFBC}") = "Sim.Tests", "tests\Sim.Tests\Sim.Tests.csproj", "{EB433A25-66C3-485C-882B-05536A523C7E}"
EndProject
Global
	GlobalSection(SolutionConfigurationPlatforms) = preSolution
		Debug|Any CPU = Debug|Any CPU
		Release|Any CPU = Release|Any CPU
	EndGlobalSection
	GlobalSection(SolutionProperties) = preSolution
		HideSolutionNode = FALSE
	EndGlobalSection
	GlobalSection(ProjectConfigurationPlatforms) = postSolution
		{5543B84E-0055-4A2A-9981-D620CED4CFDD}.Debug|Any CPU.ActiveCfg = Debug|Any CPU
		{5543B84E-0055-4A2A-9981-D620CED4CFDD}.Debug|Any CPU.Build.0 = Debug|Any CPU
		{5543B84E-0055-4A2A-9981-D620CED4CFDD}.Release|Any CPU.ActiveCfg = Release|Any CPU
		{5543B84E-0055-4A2A-9981-D620CED4CFDD}.Release|Any CPU.Build.0 = Release|Any CPU
		{3BEBC31E-87F6-4380-BEA7-82C48ED5D4B7}.Debug|Any CPU.ActiveCfg = Debug|Any CPU
		{3BEBC31E-87F6-4380-BEA7-82C48ED5D4B7}.Debug|Any CPU.Build.0 = Debug|Any CPU
		{3BEBC31E-87F6-4380-BEA7-82C48ED5D4B7}.Release|Any CPU.ActiveCfg = Release|Any CPU
		{3BEBC31E-87F6-4380-BEA7-82C48ED5D4B7}.Release|Any CPU.Build.0 = Release|Any CPU
		{8038A3FD-CAA9-4395-AB54-EACB2FBF701D}.Debug|Any CPU.ActiveCfg = Debug|Any CPU
		{8038A3FD-CAA9-4395-AB54-EACB2FBF701D}.Debug|Any CPU.Build.0 = Debug|Any CPU
		{8038A3FD-CAA9-4395-AB54-EACB2FBF701D}.Release|Any CPU.ActiveCfg = Release|Any CPU
		{8038A3FD-CAA9-4395-AB54-EACB2FBF701D}.Release|Any CPU.Build.0 = Release|Any CPU
		{65387113-27AF-477B-9703-DDF6F3190141}.Debug|Any CPU.ActiveCfg = Debug|Any CPU
		{65387113-27AF-477B-9703-DDF6F3190141}.Debug|Any CPU.Build.0 = Debug|Any CPU
		{65387113-27AF-477B-9703-DDF6F3190141}.Release|Any CPU.ActiveCfg = Release|Any CPU
		{65387113-27AF-477B-9703-DDF6F3190141}.Release|Any CPU.Build.0 = Release|Any CPU
		{20485C0F-C8EB-40BE-9A36-BEFA519165A0}.Debug|Any CPU.ActiveCfg = Debug|Any CPU
		{20485C0F-C8EB-40BE-9A36-BEFA519165A0}.Debug|Any CPU.Build.0 = Debug|Any CPU
		{20485C0F-C8EB-40BE-9A36-BEFA519165A0}.Release|Any CPU.ActiveCfg = Release|Any CPU
		{20485C0F-C8EB-40BE-9A36-BEFA519165A0}.Release|Any CPU.Build.0 = Release|Any CPU
		{D8DC197B-60AD-4599-A586-27CE3463C2FF}.Debug|Any CPU.ActiveCfg = Debug|Any CPU
		{D8DC197B-60AD-4599-A586-27CE3463C2FF}.Debug|Any CPU.Build.0 = Debug|Any CPU
		{D8DC197B-60AD-4599-A586-27CE3463C2FF}.Release|Any CPU.ActiveCfg = Release|Any CPU
		{D8DC197B-60AD-4599-A586-27CE3463C2FF}.Release|Any CPU.Build.0 = Release|Any CPU
		{750894AA-2981-4B70-B26C-AF6061094716}.Debug|Any CPU.ActiveCfg = Debug|Any CPU
		{750894AA-2981-4B70-B26C-AF6061094716}.Debug|Any CPU.Build.0 = Debug|Any CPU
		{750894AA-2981-4B70-B26C-AF6061094716}.Release|Any CPU.ActiveCfg = Release|Any CPU
		{750894AA-2981-4B70-B26C-AF6061094716}.Release|Any CPU.Build.0 = Release|Any CPU
		{EB433A25-66C3-485C-882B-05536A523C7E}.Debug|Any CPU.ActiveCfg = Debug|Any CPU
		{EB433A25-66C3-485C-882B-05536A523C7E}.Debug|Any CPU.Build.0 = Debug|Any CPU
		{EB433A25-66C3-485C-882B-05536A523C7E}.Release|Any CPU.ActiveCfg = Release|Any CPU
		{EB433A25-66C3-485C-882B-05536A523C7E}.Release|Any CPU.Build.0 = Release|Any CPU
	EndGlobalSection
	GlobalSection(NestedProjects) = preSolution
		{5543B84E-0055-4A2A-9981-D620CED4CFDD} = {7740D1B2-C257-46E1-9B17-9C4A6CEF62F0}
		{3BEBC31E-87F6-4380-BEA7-82C48ED5D4B7} = {7740D1B2-C257-46E1-9B17-9C4A6CEF62F0}
		{8038A3FD-CAA9-4395-AB54-EACB2FBF701D} = {7740D1B2-C257-46E1-9B17-9C4A6CEF62F0}
		{65387113-27AF-477B-9703-DDF6F3190141} = {7740D1B2-C257-46E1-9B17-9C4A6CEF62F0}
		{20485C0F-C8EB-40BE-9A36-BEFA519165A0} = {7740D1B2-C257-46E1-9B17-9C4A6CEF62F0}
		{D8DC197B-60AD-4599-A586-27CE3463C2FF} = {7740D1B2-C257-46E1-9B17-9C4A6CEF62F0}
		{750894AA-2981-4B70-B26C-AF6061094716} = {7740D1B2-C257-46E1-9B17-9C4A6CEF62F0}
		{EB433A25-66C3-485C-882B-05536A523C7E} = {D00381ED-4802-45E7-83FE-163F32907207}
	EndGlobalSection
EndGlobal
